// !$*UTF8*$!
{
	archiveVersion = 1;
	classes = {
	};
	objectVersion = 50;
	objects = {

/* Begin PBXBuildFile section */
		3716E087321E4E9728808EE2 /* libPods-K.a in Frameworks */ = {isa = PBXBuildFile; fileRef = 1667230C3B9BD072C9C8884C /* libPods-K.a */; };
		72357EC021E86E6400E35547 /* AppDelegate.m in Sources */ = {isa = PBXBuildFile; fileRef = 72357EBF21E86E6400E35547 /* AppDelegate.m */; };
		72357EC821E86E6600E35547 /* Assets.xcassets in Resources */ = {isa = PBXBuildFile; fileRef = 72357EC721E86E6600E35547 /* Assets.xcassets */; };
		72357ECE21E86E6600E35547 /* main.m in Sources */ = {isa = PBXBuildFile; fileRef = 72357ECD21E86E6600E35547 /* main.m */; };
		72EE7AA521E9B9C40006F40D /* KTabBarController.m in Sources */ = {isa = PBXBuildFile; fileRef = 72EE7AA421E9B9C40006F40D /* KTabBarController.m */; };
		72EE7AAE21E9C57C0006F40D /* KHomeViewController.m in Sources */ = {isa = PBXBuildFile; fileRef = 72EE7AAD21E9C57C0006F40D /* KHomeViewController.m */; };
		72EE7AB121E9C65D0006F40D /* KDiscovertViewController.m in Sources */ = {isa = PBXBuildFile; fileRef = 72EE7AB021E9C65D0006F40D /* KDiscovertViewController.m */; };
		72EE7AB421E9C6C30006F40D /* KMessageViewController.m in Sources */ = {isa = PBXBuildFile; fileRef = 72EE7AB321E9C6C30006F40D /* KMessageViewController.m */; };
		72EE7AB721E9C6D10006F40D /* KMeViewController.m in Sources */ = {isa = PBXBuildFile; fileRef = 72EE7AB621E9C6D10006F40D /* KMeViewController.m */; };
		72EE7AC021E9C8660006F40D /* Notifications.m in Sources */ = {isa = PBXBuildFile; fileRef = 72EE7ABB21E9C8650006F40D /* Notifications.m */; };
		72EE7AC521E9E03E0006F40D /* KSongViewController.m in Sources */ = {isa = PBXBuildFile; fileRef = 72EE7AC321E9E03E0006F40D /* KSongViewController.m */; };
/* End PBXBuildFile section */

/* Begin PBXFileReference section */
		1667230C3B9BD072C9C8884C /* libPods-K.a */ = {isa = PBXFileReference; explicitFileType = archive.ar; includeInIndex = 0; path = "libPods-K.a"; sourceTree = BUILT_PRODUCTS_DIR; };
		294CA8D06C731D554587F7A7 /* Pods-K.release.xcconfig */ = {isa = PBXFileReference; includeInIndex = 1; lastKnownFileType = text.xcconfig; name = "Pods-K.release.xcconfig"; path = "Pods/Target Support Files/Pods-K/Pods-K.release.xcconfig"; sourceTree = "<group>"; };
		6AD98E1F98860D5F89BF5F0F /* Pods-K.debug.xcconfig */ = {isa = PBXFileReference; includeInIndex = 1; lastKnownFileType = text.xcconfig; name = "Pods-K.debug.xcconfig"; path = "Pods/Target Support Files/Pods-K/Pods-K.debug.xcconfig"; sourceTree = "<group>"; };
		72357EBB21E86E6400E35547 /* K.app */ = {isa = PBXFileReference; explicitFileType = wrapper.application; includeInIndex = 0; path = K.app; sourceTree = BUILT_PRODUCTS_DIR; };
		72357EBE21E86E6400E35547 /* AppDelegate.h */ = {isa = PBXFileReference; lastKnownFileType = sourcecode.c.h; path = AppDelegate.h; sourceTree = "<group>"; };
		72357EBF21E86E6400E35547 /* AppDelegate.m */ = {isa = PBXFileReference; lastKnownFileType = sourcecode.c.objc; path = AppDelegate.m; sourceTree = "<group>"; };
		72357EC721E86E6600E35547 /* Assets.xcassets */ = {isa = PBXFileReference; lastKnownFileType = folder.assetcatalog; path = Assets.xcassets; sourceTree = "<group>"; };
		72357ECC21E86E6600E35547 /* Info.plist */ = {isa = PBXFileReference; lastKnownFileType = text.plist.xml; path = Info.plist; sourceTree = "<group>"; };
		72357ECD21E86E6600E35547 /* main.m */ = {isa = PBXFileReference; lastKnownFileType = sourcecode.c.objc; path = main.m; sourceTree = "<group>"; };
		72EE7AA321E9B9C40006F40D /* KTabBarController.h */ = {isa = PBXFileReference; lastKnownFileType = sourcecode.c.h; path = KTabBarController.h; sourceTree = "<group>"; };
		72EE7AA421E9B9C40006F40D /* KTabBarController.m */ = {isa = PBXFileReference; lastKnownFileType = sourcecode.c.objc; path = KTabBarController.m; sourceTree = "<group>"; };
		72EE7AAC21E9C57C0006F40D /* KHomeViewController.h */ = {isa = PBXFileReference; lastKnownFileType = sourcecode.c.h; path = KHomeViewController.h; sourceTree = "<group>"; };
		72EE7AAD21E9C57C0006F40D /* KHomeViewController.m */ = {isa = PBXFileReference; lastKnownFileType = sourcecode.c.objc; path = KHomeViewController.m; sourceTree = "<group>"; };
		72EE7AAF21E9C65D0006F40D /* KDiscovertViewController.h */ = {isa = PBXFileReference; lastKnownFileType = sourcecode.c.h; path = KDiscovertViewController.h; sourceTree = "<group>"; };
		72EE7AB021E9C65D0006F40D /* KDiscovertViewController.m */ = {isa = PBXFileReference; lastKnownFileType = sourcecode.c.objc; path = KDiscovertViewController.m; sourceTree = "<group>"; };
		72EE7AB221E9C6C30006F40D /* KMessageViewController.h */ = {isa = PBXFileReference; lastKnownFileType = sourcecode.c.h; path = KMessageViewController.h; sourceTree = "<group>"; };
		72EE7AB321E9C6C30006F40D /* KMessageViewController.m */ = {isa = PBXFileReference; lastKnownFileType = sourcecode.c.objc; path = KMessageViewController.m; sourceTree = "<group>"; };
		72EE7AB521E9C6D10006F40D /* KMeViewController.h */ = {isa = PBXFileReference; lastKnownFileType = sourcecode.c.h; path = KMeViewController.h; sourceTree = "<group>"; };
		72EE7AB621E9C6D10006F40D /* KMeViewController.m */ = {isa = PBXFileReference; lastKnownFileType = sourcecode.c.objc; path = KMeViewController.m; sourceTree = "<group>"; };
		72EE7ABB21E9C8650006F40D /* Notifications.m */ = {isa = PBXFileReference; fileEncoding = 4; lastKnownFileType = sourcecode.c.objc; path = Notifications.m; sourceTree = "<group>"; };
		72EE7ABD21E9C8650006F40D /* Constants.h */ = {isa = PBXFileReference; fileEncoding = 4; lastKnownFileType = sourcecode.c.h; path = Constants.h; sourceTree = "<group>"; };
		72EE7ABE21E9C8650006F40D /* Enum.h */ = {isa = PBXFileReference; fileEncoding = 4; lastKnownFileType = sourcecode.c.h; path = Enum.h; sourceTree = "<group>"; };
		72EE7ABF21E9C8650006F40D /* Notifications.h */ = {isa = PBXFileReference; fileEncoding = 4; lastKnownFileType = sourcecode.c.h; path = Notifications.h; sourceTree = "<group>"; };
		72EE7AC121E9CA0E0006F40D /* K.pch */ = {isa = PBXFileReference; lastKnownFileType = sourcecode.c.h; path = K.pch; sourceTree = "<group>"; };
		72EE7AC221E9E03E0006F40D /* KSongViewController.h */ = {isa = PBXFileReference; lastKnownFileType = sourcecode.c.h; path = KSongViewController.h; sourceTree = "<group>"; };
		72EE7AC321E9E03E0006F40D /* KSongViewController.m */ = {isa = PBXFileReference; lastKnownFileType = sourcecode.c.objc; path = KSongViewController.m; sourceTree = "<group>"; };
/* End PBXFileReference section */

/* Begin PBXFrameworksBuildPhase section */
		72357EB821E86E6400E35547 /* Frameworks */ = {
			isa = PBXFrameworksBuildPhase;
			buildActionMask = 2147483647;
			files = (
				3716E087321E4E9728808EE2 /* libPods-K.a in Frameworks */,
			);
			runOnlyForDeploymentPostprocessing = 0;
		};
/* End PBXFrameworksBuildPhase section */

/* Begin PBXGroup section */
		72357EB221E86E6400E35547 = {
			isa = PBXGroup;
			children = (
				72357EBD21E86E6400E35547 /* K */,
				72357EBC21E86E6400E35547 /* Products */,
				E6BBC564BD4D7E4A3F5AFDEE /* Pods */,
				EF77BE3D77557C11CA318CDA /* Frameworks */,
			);
			sourceTree = "<group>";
		};
		72357EBC21E86E6400E35547 /* Products */ = {
			isa = PBXGroup;
			children = (
				72357EBB21E86E6400E35547 /* K.app */,
			);
			name = Products;
			sourceTree = "<group>";
		};
		72357EBD21E86E6400E35547 /* K */ = {
			isa = PBXGroup;
			children = (
				72EE7AA221E9B9050006F40D /* Other */,
				72EE7AA721E9B9F40006F40D /* Home */,
				72EE7AA821E9C4890006F40D /* Discovery */,
				72EE7AA921E9C4CA0006F40D /* Song */,
				72EE7AAA21E9C4DB0006F40D /* Message */,
				72EE7AAB21E9C4E90006F40D /* Me */,
			);
			path = K;
			sourceTree = "<group>";
		};
		72EE7AA221E9B9050006F40D /* Other */ = {
			isa = PBXGroup;
			children = (
				72EE7ABD21E9C8650006F40D /* Constants.h */,
				72EE7AC121E9CA0E0006F40D /* K.pch */,
				72EE7ABE21E9C8650006F40D /* Enum.h */,
				72EE7ABF21E9C8650006F40D /* Notifications.h */,
				72EE7ABB21E9C8650006F40D /* Notifications.m */,
				72357EBE21E86E6400E35547 /* AppDelegate.h */,
				72357EBF21E86E6400E35547 /* AppDelegate.m */,
				72EE7AA321E9B9C40006F40D /* KTabBarController.h */,
				72EE7AA421E9B9C40006F40D /* KTabBarController.m */,
				72357ECD21E86E6600E35547 /* main.m */,
				72357ECC21E86E6600E35547 /* Info.plist */,
				72357EC721E86E6600E35547 /* Assets.xcassets */,
			);
			path = Other;
			sourceTree = "<group>";
		};
		72EE7AA721E9B9F40006F40D /* Home */ = {
			isa = PBXGroup;
			children = (
				72EE7AAC21E9C57C0006F40D /* KHomeViewController.h */,
				72EE7AAD21E9C57C0006F40D /* KHomeViewController.m */,
			);
			path = Home;
			sourceTree = "<group>";
		};
		72EE7AA821E9C4890006F40D /* Discovery */ = {
			isa = PBXGroup;
			children = (
				72EE7AAF21E9C65D0006F40D /* KDiscovertViewController.h */,
				72EE7AB021E9C65D0006F40D /* KDiscovertViewController.m */,
			);
			path = Discovery;
			sourceTree = "<group>";
		};
		72EE7AA921E9C4CA0006F40D /* Song */ = {
			isa = PBXGroup;
			children = (
				72EE7AC221E9E03E0006F40D /* KSongViewController.h */,
				72EE7AC321E9E03E0006F40D /* KSongViewController.m */,
			);
			path = Song;
			sourceTree = "<group>";
		};
		72EE7AAA21E9C4DB0006F40D /* Message */ = {
			isa = PBXGroup;
			children = (
				72EE7AB221E9C6C30006F40D /* KMessageViewController.h */,
				72EE7AB321E9C6C30006F40D /* KMessageViewController.m */,
			);
			path = Message;
			sourceTree = "<group>";
		};
		72EE7AAB21E9C4E90006F40D /* Me */ = {
			isa = PBXGroup;
			children = (
				72EE7AB521E9C6D10006F40D /* KMeViewController.h */,
				72EE7AB621E9C6D10006F40D /* KMeViewController.m */,
			);
			path = Me;
			sourceTree = "<group>";
		};
		E6BBC564BD4D7E4A3F5AFDEE /* Pods */ = {
			isa = PBXGroup;
			children = (
				6AD98E1F98860D5F89BF5F0F /* Pods-K.debug.xcconfig */,
				294CA8D06C731D554587F7A7 /* Pods-K.release.xcconfig */,
			);
			name = Pods;
			sourceTree = "<group>";
		};
		EF77BE3D77557C11CA318CDA /* Frameworks */ = {
			isa = PBXGroup;
			children = (
				1667230C3B9BD072C9C8884C /* libPods-K.a */,
			);
			name = Frameworks;
			sourceTree = "<group>";
		};
/* End PBXGroup section */

/* Begin PBXNativeTarget section */
		72357EBA21E86E6400E35547 /* K */ = {
			isa = PBXNativeTarget;
			buildConfigurationList = 72357ED121E86E6600E35547 /* Build configuration list for PBXNativeTarget "K" */;
			buildPhases = (
				7318B54135FFB0DC83C18AA6 /* [CP] Check Pods Manifest.lock */,
				72357EB721E86E6400E35547 /* Sources */,
				72357EB821E86E6400E35547 /* Frameworks */,
				72357EB921E86E6400E35547 /* Resources */,
				17DC1C26FED107F8E79C92D8 /* [CP] Copy Pods Resources */,
			);
			buildRules = (
			);
			dependencies = (
			);
			name = K;
			productName = K;
			productReference = 72357EBB21E86E6400E35547 /* K.app */;
			productType = "com.apple.product-type.application";
		};
/* End PBXNativeTarget section */

/* Begin PBXProject section */
		72357EB321E86E6400E35547 /* Project object */ = {
			isa = PBXProject;
			attributes = {
				LastUpgradeCheck = 1010;
				ORGANIZATIONNAME = com.tion126;
				TargetAttributes = {
					72357EBA21E86E6400E35547 = {
						CreatedOnToolsVersion = 10.1;
					};
				};
			};
			buildConfigurationList = 72357EB621E86E6400E35547 /* Build configuration list for PBXProject "K" */;
			compatibilityVersion = "Xcode 9.3";
			developmentRegion = en;
			hasScannedForEncodings = 0;
			knownRegions = (
				en,
				Base,
			);
			mainGroup = 72357EB221E86E6400E35547;
			productRefGroup = 72357EBC21E86E6400E35547 /* Products */;
			projectDirPath = "";
			projectRoot = "";
			targets = (
				72357EBA21E86E6400E35547 /* K */,
			);
		};
/* End PBXProject section */

/* Begin PBXResourcesBuildPhase section */
		72357EB921E86E6400E35547 /* Resources */ = {
			isa = PBXResourcesBuildPhase;
			buildActionMask = 2147483647;
			files = (
				72357EC821E86E6600E35547 /* Assets.xcassets in Resources */,
			);
			runOnlyForDeploymentPostprocessing = 0;
		};
/* End PBXResourcesBuildPhase section */

/* Begin PBXShellScriptBuildPhase section */
		17DC1C26FED107F8E79C92D8 /* [CP] Copy Pods Resources */ = {
			isa = PBXShellScriptBuildPhase;
			buildActionMask = 2147483647;
			files = (
			);
			inputFileListPaths = (
			);
			inputPaths = (
				"${SRCROOT}/Pods/Target Support Files/Pods-K/Pods-K-resources.sh",
				"${PODS_ROOT}/IQKeyboardManager/IQKeyboardManager/Resources/IQKeyboardManager.bundle",
			);
			name = "[CP] Copy Pods Resources";
			outputFileListPaths = (
			);
			outputPaths = (
				"${TARGET_BUILD_DIR}/${UNLOCALIZED_RESOURCES_FOLDER_PATH}/IQKeyboardManager.bundle",
			);
			runOnlyForDeploymentPostprocessing = 0;
			shellPath = /bin/sh;
			shellScript = "\"${SRCROOT}/Pods/Target Support Files/Pods-K/Pods-K-resources.sh\"\n";
			showEnvVarsInLog = 0;
		};
		7318B54135FFB0DC83C18AA6 /* [CP] Check Pods Manifest.lock */ = {
			isa = PBXShellScriptBuildPhase;
			buildActionMask = 2147483647;
			files = (
			);
			inputFileListPaths = (
			);
			inputPaths = (
				"${PODS_PODFILE_DIR_PATH}/Podfile.lock",
				"${PODS_ROOT}/Manifest.lock",
			);
			name = "[CP] Check Pods Manifest.lock";
			outputFileListPaths = (
			);
			outputPaths = (
				"$(DERIVED_FILE_DIR)/Pods-K-checkManifestLockResult.txt",
			);
			runOnlyForDeploymentPostprocessing = 0;
			shellPath = /bin/sh;
			shellScript = "diff \"${PODS_PODFILE_DIR_PATH}/Podfile.lock\" \"${PODS_ROOT}/Manifest.lock\" > /dev/null\nif [ $? != 0 ] ; then\n    # print error to STDERR\n    echo \"error: The sandbox is not in sync with the Podfile.lock. Run 'pod install' or update your CocoaPods installation.\" >&2\n    exit 1\nfi\n# This output is used by Xcode 'outputs' to avoid re-running this script phase.\necho \"SUCCESS\" > \"${SCRIPT_OUTPUT_FILE_0}\"\n";
			showEnvVarsInLog = 0;
		};
/* End PBXShellScriptBuildPhase section */

/* Begin PBXSourcesBuildPhase section */
		72357EB721E86E6400E35547 /* Sources */ = {
			isa = PBXSourcesBuildPhase;
			buildActionMask = 2147483647;
			files = (
				72EE7AA521E9B9C40006F40D /* KTabBarController.m in Sources */,
				72EE7AC021E9C8660006F40D /* Notifications.m in Sources */,
				72EE7AB121E9C65D0006F40D /* KDiscovertViewController.m in Sources */,
				72357ECE21E86E6600E35547 /* main.m in Sources */,
				72357EC021E86E6400E35547 /* AppDelegate.m in Sources */,
				72EE7AC521E9E03E0006F40D /* KSongViewController.m in Sources */,
				72EE7AB721E9C6D10006F40D /* KMeViewController.m in Sources */,
				72EE7AB421E9C6C30006F40D /* KMessageViewController.m in Sources */,
				72EE7AAE21E9C57C0006F40D /* KHomeViewController.m in Sources */,
			);
			runOnlyForDeploymentPostprocessing = 0;
		};
/* End PBXSourcesBuildPhase section */

/* Begin XCBuildConfiguration section */
		72357ECF21E86E6600E35547 /* Debug */ = {
			isa = XCBuildConfiguration;
			buildSettings = {
				ALWAYS_SEARCH_USER_PATHS = NO;
				CLANG_ANALYZER_NONNULL = YES;
				CLANG_ANALYZER_NUMBER_OBJECT_CONVERSION = YES_AGGRESSIVE;
				CLANG_CXX_LANGUAGE_STANDARD = "gnu++14";
				CLANG_CXX_LIBRARY = "libc++";
				CLANG_ENABLE_MODULES = YES;
				CLANG_ENABLE_OBJC_ARC = YES;
				CLANG_ENABLE_OBJC_WEAK = YES;
				CLANG_WARN_BLOCK_CAPTURE_AUTORELEASING = YES;
				CLANG_WARN_BOOL_CONVERSION = YES;
				CLANG_WARN_COMMA = YES;
				CLANG_WARN_CONSTANT_CONVERSION = YES;
				CLANG_WARN_DEPRECATED_OBJC_IMPLEMENTATIONS = YES;
				CLANG_WARN_DIRECT_OBJC_ISA_USAGE = YES_ERROR;
				CLANG_WARN_DOCUMENTATION_COMMENTS = YES;
				CLANG_WARN_EMPTY_BODY = YES;
				CLANG_WARN_ENUM_CONVERSION = YES;
				CLANG_WARN_INFINITE_RECURSION = YES;
				CLANG_WARN_INT_CONVERSION = YES;
				CLANG_WARN_NON_LITERAL_NULL_CONVERSION = YES;
				CLANG_WARN_OBJC_IMPLICIT_RETAIN_SELF = YES;
				CLANG_WARN_OBJC_LITERAL_CONVERSION = YES;
				CLANG_WARN_OBJC_ROOT_CLASS = YES_ERROR;
				CLANG_WARN_RANGE_LOOP_ANALYSIS = YES;
				CLANG_WARN_STRICT_PROTOTYPES = YES;
				CLANG_WARN_SUSPICIOUS_MOVE = YES;
				CLANG_WARN_UNGUARDED_AVAILABILITY = YES_AGGRESSIVE;
				CLANG_WARN_UNREACHABLE_CODE = YES;
				CLANG_WARN__DUPLICATE_METHOD_MATCH = YES;
				CODE_SIGN_IDENTITY = "iPhone Developer";
				COPY_PHASE_STRIP = NO;
				DEBUG_INFORMATION_FORMAT = dwarf;
				ENABLE_STRICT_OBJC_MSGSEND = YES;
				ENABLE_TESTABILITY = YES;
				GCC_C_LANGUAGE_STANDARD = gnu11;
				GCC_DYNAMIC_NO_PIC = NO;
				GCC_NO_COMMON_BLOCKS = YES;
				GCC_OPTIMIZATION_LEVEL = 0;
				GCC_PREPROCESSOR_DEFINITIONS = (
					"DEBUG=1",
					"$(inherited)",
				);
				GCC_WARN_64_TO_32_BIT_CONVERSION = YES;
				GCC_WARN_ABOUT_RETURN_TYPE = YES_ERROR;
				GCC_WARN_UNDECLARED_SELECTOR = YES;
				GCC_WARN_UNINITIALIZED_AUTOS = YES_AGGRESSIVE;
				GCC_WARN_UNUSED_FUNCTION = YES;
				GCC_WARN_UNUSED_VARIABLE = YES;
				IPHONEOS_DEPLOYMENT_TARGET = 12.1;
				MTL_ENABLE_DEBUG_INFO = INCLUDE_SOURCE;
				MTL_FAST_MATH = YES;
				ONLY_ACTIVE_ARCH = YES;
				SDKROOT = iphoneos;
			};
			name = Debug;
		};
		72357ED021E86E6600E35547 /* Release */ = {
			isa = XCBuildConfiguration;
			buildSettings = {
				ALWAYS_SEARCH_USER_PATHS = NO;
				CLANG_ANALYZER_NONNULL = YES;
				CLANG_ANALYZER_NUMBER_OBJECT_CONVERSION = YES_AGGRESSIVE;
				CLANG_CXX_LANGUAGE_STANDARD = "gnu++14";
				CLANG_CXX_LIBRARY = "libc++";
				CLANG_ENABLE_MODULES = YES;
				CLANG_ENABLE_OBJC_ARC = YES;
				CLANG_ENABLE_OBJC_WEAK = YES;
				CLANG_WARN_BLOCK_CAPTURE_AUTORELEASING = YES;
				CLANG_WARN_BOOL_CONVERSION = YES;
				CLANG_WARN_COMMA = YES;
				CLANG_WARN_CONSTANT_CONVERSION = YES;
				CLANG_WARN_DEPRECATED_OBJC_IMPLEMENTATIONS = YES;
				CLANG_WARN_DIRECT_OBJC_ISA_USAGE = YES_ERROR;
				CLANG_WARN_DOCUMENTATION_COMMENTS = YES;
				CLANG_WARN_EMPTY_BODY = YES;
				CLANG_WARN_ENUM_CONVERSION = YES;
				CLANG_WARN_INFINITE_RECURSION = YES;
				CLANG_WARN_INT_CONVERSION = YES;
				CLANG_WARN_NON_LITERAL_NULL_CONVERSION = YES;
				CLANG_WARN_OBJC_IMPLICIT_RETAIN_SELF = YES;
				CLANG_WARN_OBJC_LITERAL_CONVERSION = YES;
				CLANG_WARN_OBJC_ROOT_CLASS = YES_ERROR;
				CLANG_WARN_RANGE_LOOP_ANALYSIS = YES;
				CLANG_WARN_STRICT_PROTOTYPES = YES;
				CLANG_WARN_SUSPICIOUS_MOVE = YES;
				CLANG_WARN_UNGUARDED_AVAILABILITY = YES_AGGRESSIVE;
				CLANG_WARN_UNREACHABLE_CODE = YES;
				CLANG_WARN__DUPLICATE_METHOD_MATCH = YES;
				CODE_SIGN_IDENTITY = "iPhone Developer";
				COPY_PHASE_STRIP = NO;
				DEBUG_INFORMATION_FORMAT = "dwarf-with-dsym";
				ENABLE_NS_ASSERTIONS = NO;
				ENABLE_STRICT_OBJC_MSGSEND = YES;
				GCC_C_LANGUAGE_STANDARD = gnu11;
				GCC_NO_COMMON_BLOCKS = YES;
				GCC_WARN_64_TO_32_BIT_CONVERSION = YES;
				GCC_WARN_ABOUT_RETURN_TYPE = YES_ERROR;
				GCC_WARN_UNDECLARED_SELECTOR = YES;
				GCC_WARN_UNINITIALIZED_AUTOS = YES_AGGRESSIVE;
				GCC_WARN_UNUSED_FUNCTION = YES;
				GCC_WARN_UNUSED_VARIABLE = YES;
				IPHONEOS_DEPLOYMENT_TARGET = 12.1;
				MTL_ENABLE_DEBUG_INFO = NO;
				MTL_FAST_MATH = YES;
				SDKROOT = iphoneos;
				VALIDATE_PRODUCT = YES;
			};
			name = Release;
		};
		72357ED221E86E6600E35547 /* Debug */ = {
			isa = XCBuildConfiguration;
			baseConfigurationReference = 6AD98E1F98860D5F89BF5F0F /* Pods-K.debug.xcconfig */;
			buildSettings = {
				ASSETCATALOG_COMPILER_APPICON_NAME = AppIcon;
				CODE_SIGN_STYLE = Automatic;
				DEVELOPMENT_TEAM = JF549H673D;
				GCC_PRECOMPILE_PREFIX_HEADER = YES;
				GCC_PREFIX_HEADER = "$(SRCROOT)/K/Other/K.pch";
				INFOPLIST_FILE = "$(SRCROOT)/K/Other/Info.plist";
				LD_RUNPATH_SEARCH_PATHS = (
					"$(inherited)",
					"@executable_path/Frameworks",
				);
				PRODUCT_BUNDLE_IDENTIFIER = com.tion126.K;
				PRODUCT_NAME = "$(TARGET_NAME)";
				TARGETED_DEVICE_FAMILY = "1,2";
			};
			name = Debug;
		};
		72357ED321E86E6600E35547 /* Release */ = {
			isa = XCBuildConfiguration;
			baseConfigurationReference = 294CA8D06C731D554587F7A7 /* Pods-K.release.xcconfig */;
			buildSettings = {
				ASSETCATALOG_COMPILER_APPICON_NAME = AppIcon;
				CODE_SIGN_STYLE = Automatic;
				DEVELOPMENT_TEAM = JF549H673D;
				GCC_PRECOMPILE_PREFIX_HEADER = YES;
				GCC_PREFIX_HEADER = "$(SRCROOT)/K/Other/K.pch";
				INFOPLIST_FILE = "$(SRCROOT)/K/Other/Info.plist";
				LD_RUNPATH_SEARCH_PATHS = (
					"$(inherited)",
					"@executable_path/Frameworks",
				);
				PRODUCT_BUNDLE_IDENTIFIER = com.tion126.K;
				PRODUCT_NAME = "$(TARGET_NAME)";
				TARGETED_DEVICE_FAMILY = "1,2";
			};
			name = Release;
		};
/* End XCBuildConfiguration section */

/* Begin XCConfigurationList section */
		72357EB621E86E6400E35547 /* Build configuration list for PBXProject "K" */ = {
			isa = XCConfigurationList;
			buildConfigurations = (
				72357ECF21E86E6600E35547 /* Debug */,
				72357ED021E86E6600E35547 /* Release */,
			);
			defaultConfigurationIsVisible = 0;
			defaultConfigurationName = Release;
		};
		72357ED121E86E6600E35547 /* Build configuration list for PBXNativeTarget "K" */ = {
			isa = XCConfigurationList;
			buildConfigurations = (
				72357ED221E86E6600E35547 /* Debug */,
				72357ED321E86E6600E35547 /* Release */,
			);
			defaultConfigurationIsVisible = 0;
			defaultConfigurationName = Release;
		};
/* End XCConfigurationList section */
	};
	rootObject = 72357EB321E86E6400E35547 /* Project object */;
}
